// !$*UTF8*$!
{
	archiveVersion = 1;
	classes = {
	};
	objectVersion = 46;
	objects = {

/* Begin PBXBuildFile section */
		799DED191CC4017700E6BADE /* calendar_icon1.png in Resources */ = {isa = PBXBuildFile; fileRef = 799DED181CC4017700E6BADE /* calendar_icon1.png */; };
		799DED1D1CC4018200E6BADE /* clipboard-97590_640.png in Resources */ = {isa = PBXBuildFile; fileRef = 799DED1A1CC4018200E6BADE /* clipboard-97590_640.png */; };
		799DED1E1CC4018200E6BADE /* contact-icon.png in Resources */ = {isa = PBXBuildFile; fileRef = 799DED1B1CC4018200E6BADE /* contact-icon.png */; };
		799DED1F1CC4018200E6BADE /* custom-reports.png in Resources */ = {isa = PBXBuildFile; fileRef = 799DED1C1CC4018200E6BADE /* custom-reports.png */; };
		799DED221CC4019B00E6BADE /* logo-air-force.png in Resources */ = {isa = PBXBuildFile; fileRef = 799DED201CC4019B00E6BADE /* logo-air-force.png */; };
		799DED231CC4019B00E6BADE /* logo-mu.png in Resources */ = {isa = PBXBuildFile; fileRef = 799DED211CC4019B00E6BADE /* logo-mu.png */; };
		799DED251CC401C500E6BADE /* roster.png in Resources */ = {isa = PBXBuildFile; fileRef = 799DED241CC401C500E6BADE /* roster.png */; };
		799DED271CC401DE00E6BADE /* title-afrotc.png in Resources */ = {isa = PBXBuildFile; fileRef = 799DED261CC401DE00E6BADE /* title-afrotc.png */; };
		799DED291CC4020000E6BADE /* globe-Vista-icon.png in Resources */ = {isa = PBXBuildFile; fileRef = 799DED281CC4020000E6BADE /* globe-Vista-icon.png */; };
		799DED2B1CC4020800E6BADE /* indian-fighter-planes-wallpaper.jpg in Resources */ = {isa = PBXBuildFile; fileRef = 799DED2A1CC4020800E6BADE /* indian-fighter-planes-wallpaper.jpg */; };
		799DED2D1CC4021F00E6BADE /* logo-afrotc-det440.png in Resources */ = {isa = PBXBuildFile; fileRef = 799DED2C1CC4021F00E6BADE /* logo-afrotc-det440.png */; };
		799DED2F1CC4022D00E6BADE /* MAW_icon-vector-blue_02_people_312x214.png in Resources */ = {isa = PBXBuildFile; fileRef = 799DED2E1CC4022D00E6BADE /* MAW_icon-vector-blue_02_people_312x214.png */; };
		799DED311CC4023B00E6BADE /* ROSTER.csv in Resources */ = {isa = PBXBuildFile; fileRef = 799DED301CC4023B00E6BADE /* ROSTER.csv */; };
		F00E4D521A2555E100654B8B /* Event.swift in Sources */ = {isa = PBXBuildFile; fileRef = F00E4D511A2555E100654B8B /* Event.swift */; };
		F09DC28F1A21A66500DDCBD5 /* AppDelegate.swift in Sources */ = {isa = PBXBuildFile; fileRef = F09DC28E1A21A66500DDCBD5 /* AppDelegate.swift */; };
		F09DC2911A21A66500DDCBD5 /* ViewController.swift in Sources */ = {isa = PBXBuildFile; fileRef = F09DC2901A21A66500DDCBD5 /* ViewController.swift */; };
		F09DC2941A21A66500DDCBD5 /* Main.storyboard in Resources */ = {isa = PBXBuildFile; fileRef = F09DC2921A21A66500DDCBD5 /* Main.storyboard */; };
		F09DC2961A21A66500DDCBD5 /* Images.xcassets in Resources */ = {isa = PBXBuildFile; fileRef = F09DC2951A21A66500DDCBD5 /* Images.xcassets */; };
		F09DC2991A21A66500DDCBD5 /* LaunchScreen.xib in Resources */ = {isa = PBXBuildFile; fileRef = F09DC2971A21A66500DDCBD5 /* LaunchScreen.xib */; };
		F09DC2A51A21A66500DDCBD5 /* Mizzou_AFROTCTests.swift in Sources */ = {isa = PBXBuildFile; fileRef = F09DC2A41A21A66500DDCBD5 /* Mizzou_AFROTCTests.swift */; };
		F09DC2CD1A23F40200DDCBD5 /* MenuViewController.swift in Sources */ = {isa = PBXBuildFile; fileRef = F09DC2CC1A23F40200DDCBD5 /* MenuViewController.swift */; };
		F09DC2CF1A23F69200DDCBD5 /* MenuTransitionManager.swift in Sources */ = {isa = PBXBuildFile; fileRef = F09DC2CE1A23F69200DDCBD5 /* MenuTransitionManager.swift */; };
		F09DC2D11A24F68100DDCBD5 /* aboutUsViewController.swift in Sources */ = {isa = PBXBuildFile; fileRef = F09DC2D01A24F68100DDCBD5 /* aboutUsViewController.swift */; };
		F09DC2D31A24F69000DDCBD5 /* rosterViewController.swift in Sources */ = {isa = PBXBuildFile; fileRef = F09DC2D21A24F69000DDCBD5 /* rosterViewController.swift */; };
		F09DC2D51A24F6B600DDCBD5 /* eventsViewController.swift in Sources */ = {isa = PBXBuildFile; fileRef = F09DC2D41A24F6B600DDCBD5 /* eventsViewController.swift */; };
		F09DC2D71A24F6C300DDCBD5 /* ordersViewController.swift in Sources */ = {isa = PBXBuildFile; fileRef = F09DC2D61A24F6C300DDCBD5 /* ordersViewController.swift */; };
		F09DC2D91A24F6DD00DDCBD5 /* newsViewController.swift in Sources */ = {isa = PBXBuildFile; fileRef = F09DC2D81A24F6DD00DDCBD5 /* newsViewController.swift */; };
		F09DC2DB1A24F6F100DDCBD5 /* contactViewController.swift in Sources */ = {isa = PBXBuildFile; fileRef = F09DC2DA1A24F6F100DDCBD5 /* contactViewController.swift */; };
		F09DC2DD1A24F6FA00DDCBD5 /* passwordViewController.swift in Sources */ = {isa = PBXBuildFile; fileRef = F09DC2DC1A24F6FA00DDCBD5 /* passwordViewController.swift */; };
/* End PBXBuildFile section */

/* Begin PBXContainerItemProxy section */
		F09DC29F1A21A66500DDCBD5 /* PBXContainerItemProxy */ = {
			isa = PBXContainerItemProxy;
			containerPortal = F09DC2811A21A66400DDCBD5 /* Project object */;
			proxyType = 1;
			remoteGlobalIDString = F09DC2881A21A66500DDCBD5;
			remoteInfo = "Mizzou AFROTC";
		};
/* End PBXContainerItemProxy section */

/* Begin PBXFileReference section */
		799DED181CC4017700E6BADE /* calendar_icon1.png */ = {isa = PBXFileReference; lastKnownFileType = image.png; path = calendar_icon1.png; sourceTree = "<group>"; };
		799DED1A1CC4018200E6BADE /* clipboard-97590_640.png */ = {isa = PBXFileReference; lastKnownFileType = image.png; path = "clipboard-97590_640.png"; sourceTree = "<group>"; };
		799DED1B1CC4018200E6BADE /* contact-icon.png */ = {isa = PBXFileReference; lastKnownFileType = image.png; path = "contact-icon.png"; sourceTree = "<group>"; };
		799DED1C1CC4018200E6BADE /* custom-reports.png */ = {isa = PBXFileReference; lastKnownFileType = image.png; path = "custom-reports.png"; sourceTree = "<group>"; };
		799DED201CC4019B00E6BADE /* logo-air-force.png */ = {isa = PBXFileReference; lastKnownFileType = image.png; path = "logo-air-force.png"; sourceTree = "<group>"; };
		799DED211CC4019B00E6BADE /* logo-mu.png */ = {isa = PBXFileReference; lastKnownFileType = image.png; path = "logo-mu.png"; sourceTree = "<group>"; };
		799DED241CC401C500E6BADE /* roster.png */ = {isa = PBXFileReference; lastKnownFileType = image.png; path = roster.png; sourceTree = "<group>"; };
		799DED261CC401DE00E6BADE /* title-afrotc.png */ = {isa = PBXFileReference; lastKnownFileType = image.png; path = "title-afrotc.png"; sourceTree = "<group>"; };
		799DED281CC4020000E6BADE /* globe-Vista-icon.png */ = {isa = PBXFileReference; lastKnownFileType = image.png; path = "globe-Vista-icon.png"; sourceTree = "<group>"; };
		799DED2A1CC4020800E6BADE /* indian-fighter-planes-wallpaper.jpg */ = {isa = PBXFileReference; lastKnownFileType = image.jpeg; path = "indian-fighter-planes-wallpaper.jpg"; sourceTree = "<group>"; };
		799DED2C1CC4021F00E6BADE /* logo-afrotc-det440.png */ = {isa = PBXFileReference; lastKnownFileType = image.png; path = "logo-afrotc-det440.png"; sourceTree = "<group>"; };
		799DED2E1CC4022D00E6BADE /* MAW_icon-vector-blue_02_people_312x214.png */ = {isa = PBXFileReference; lastKnownFileType = image.png; path = "MAW_icon-vector-blue_02_people_312x214.png"; sourceTree = "<group>"; };
		799DED301CC4023B00E6BADE /* ROSTER.csv */ = {isa = PBXFileReference; fileEncoding = 4; lastKnownFileType = text; path = ROSTER.csv; sourceTree = "<group>"; };
		F00E4D511A2555E100654B8B /* Event.swift */ = {isa = PBXFileReference; fileEncoding = 4; lastKnownFileType = sourcecode.swift; name = Event.swift; path = "Mizzou AFROTC/Event.swift"; sourceTree = "<group>"; };
		F09DC2891A21A66500DDCBD5 /* Mizzou AFROTC.app */ = {isa = PBXFileReference; explicitFileType = wrapper.application; includeInIndex = 0; path = "Mizzou AFROTC.app"; sourceTree = BUILT_PRODUCTS_DIR; };
		F09DC28D1A21A66500DDCBD5 /* Info.plist */ = {isa = PBXFileReference; lastKnownFileType = text.plist.xml; path = Info.plist; sourceTree = "<group>"; };
		F09DC28E1A21A66500DDCBD5 /* AppDelegate.swift */ = {isa = PBXFileReference; lastKnownFileType = sourcecode.swift; path = AppDelegate.swift; sourceTree = "<group>"; };
		F09DC2901A21A66500DDCBD5 /* ViewController.swift */ = {isa = PBXFileReference; lastKnownFileType = sourcecode.swift; path = ViewController.swift; sourceTree = "<group>"; };
		F09DC2931A21A66500DDCBD5 /* Base */ = {isa = PBXFileReference; lastKnownFileType = file.storyboard; name = Base; path = Base.lproj/Main.storyboard; sourceTree = "<group>"; };
		F09DC2951A21A66500DDCBD5 /* Images.xcassets */ = {isa = PBXFileReference; lastKnownFileType = folder.assetcatalog; path = Images.xcassets; sourceTree = "<group>"; };
		F09DC2981A21A66500DDCBD5 /* Base */ = {isa = PBXFileReference; lastKnownFileType = file.xib; name = Base; path = Base.lproj/LaunchScreen.xib; sourceTree = "<group>"; };
		F09DC29E1A21A66500DDCBD5 /* Mizzou AFROTCTests.xctest */ = {isa = PBXFileReference; explicitFileType = wrapper.cfbundle; includeInIndex = 0; path = "Mizzou AFROTCTests.xctest"; sourceTree = BUILT_PRODUCTS_DIR; };
		F09DC2A31A21A66500DDCBD5 /* Info.plist */ = {isa = PBXFileReference; lastKnownFileType = text.plist.xml; path = Info.plist; sourceTree = "<group>"; };
		F09DC2A41A21A66500DDCBD5 /* Mizzou_AFROTCTests.swift */ = {isa = PBXFileReference; lastKnownFileType = sourcecode.swift; path = Mizzou_AFROTCTests.swift; sourceTree = "<group>"; };
		F09DC2CC1A23F40200DDCBD5 /* MenuViewController.swift */ = {isa = PBXFileReference; fileEncoding = 4; lastKnownFileType = sourcecode.swift; path = MenuViewController.swift; sourceTree = "<group>"; };
		F09DC2CE1A23F69200DDCBD5 /* MenuTransitionManager.swift */ = {isa = PBXFileReference; fileEncoding = 4; lastKnownFileType = sourcecode.swift; name = MenuTransitionManager.swift; path = ../MenuTransitionManager.swift; sourceTree = "<group>"; };
		F09DC2D01A24F68100DDCBD5 /* aboutUsViewController.swift */ = {isa = PBXFileReference; fileEncoding = 4; lastKnownFileType = sourcecode.swift; path = aboutUsViewController.swift; sourceTree = "<group>"; };
		F09DC2D21A24F69000DDCBD5 /* rosterViewController.swift */ = {isa = PBXFileReference; fileEncoding = 4; lastKnownFileType = sourcecode.swift; path = rosterViewController.swift; sourceTree = "<group>"; };
		F09DC2D41A24F6B600DDCBD5 /* eventsViewController.swift */ = {isa = PBXFileReference; fileEncoding = 4; lastKnownFileType = sourcecode.swift; path = eventsViewController.swift; sourceTree = "<group>"; };
		F09DC2D61A24F6C300DDCBD5 /* ordersViewController.swift */ = {isa = PBXFileReference; fileEncoding = 4; lastKnownFileType = sourcecode.swift; path = ordersViewController.swift; sourceTree = "<group>"; };
		F09DC2D81A24F6DD00DDCBD5 /* newsViewController.swift */ = {isa = PBXFileReference; fileEncoding = 4; lastKnownFileType = sourcecode.swift; path = newsViewController.swift; sourceTree = "<group>"; };
		F09DC2DA1A24F6F100DDCBD5 /* contactViewController.swift */ = {isa = PBXFileReference; fileEncoding = 4; lastKnownFileType = sourcecode.swift; path = contactViewController.swift; sourceTree = "<group>"; };
		F09DC2DC1A24F6FA00DDCBD5 /* passwordViewController.swift */ = {isa = PBXFileReference; fileEncoding = 4; lastKnownFileType = sourcecode.swift; path = passwordViewController.swift; sourceTree = "<group>"; };
/* End PBXFileReference section */

/* Begin PBXFrameworksBuildPhase section */
		F09DC2861A21A66500DDCBD5 /* Frameworks */ = {
			isa = PBXFrameworksBuildPhase;
			buildActionMask = 2147483647;
			files = (
			);
			runOnlyForDeploymentPostprocessing = 0;
		};
		F09DC29B1A21A66500DDCBD5 /* Frameworks */ = {
			isa = PBXFrameworksBuildPhase;
			buildActionMask = 2147483647;
			files = (
			);
			runOnlyForDeploymentPostprocessing = 0;
		};
/* End PBXFrameworksBuildPhase section */

/* Begin PBXGroup section */
		F09DC2801A21A66400DDCBD5 = {
			isa = PBXGroup;
			children = (
				799DED301CC4023B00E6BADE /* ROSTER.csv */,
				F00E4D511A2555E100654B8B /* Event.swift */,
				F09DC28B1A21A66500DDCBD5 /* Mizzou AFROTC */,
				F09DC2A11A21A66500DDCBD5 /* Mizzou AFROTCTests */,
				F09DC28A1A21A66500DDCBD5 /* Products */,
			);
			sourceTree = "<group>";
		};
		F09DC28A1A21A66500DDCBD5 /* Products */ = {
			isa = PBXGroup;
			children = (
				F09DC2891A21A66500DDCBD5 /* Mizzou AFROTC.app */,
				F09DC29E1A21A66500DDCBD5 /* Mizzou AFROTCTests.xctest */,
			);
			name = Products;
			sourceTree = "<group>";
		};
		F09DC28B1A21A66500DDCBD5 /* Mizzou AFROTC */ = {
			isa = PBXGroup;
			children = (
				F09DC28E1A21A66500DDCBD5 /* AppDelegate.swift */,
				F09DC2901A21A66500DDCBD5 /* ViewController.swift */,
				F09DC2CC1A23F40200DDCBD5 /* MenuViewController.swift */,
				F09DC2921A21A66500DDCBD5 /* Main.storyboard */,
				F09DC2D01A24F68100DDCBD5 /* aboutUsViewController.swift */,
				F09DC2D21A24F69000DDCBD5 /* rosterViewController.swift */,
				F09DC2D41A24F6B600DDCBD5 /* eventsViewController.swift */,
				F09DC2D61A24F6C300DDCBD5 /* ordersViewController.swift */,
				F09DC2D81A24F6DD00DDCBD5 /* newsViewController.swift */,
				F09DC2DA1A24F6F100DDCBD5 /* contactViewController.swift */,
				F09DC2DC1A24F6FA00DDCBD5 /* passwordViewController.swift */,
				F09DC2CE1A23F69200DDCBD5 /* MenuTransitionManager.swift */,
				F09DC2951A21A66500DDCBD5 /* Images.xcassets */,
				F09DC2971A21A66500DDCBD5 /* LaunchScreen.xib */,
				F09DC28C1A21A66500DDCBD5 /* Supporting Files */,
			);
			path = "Mizzou AFROTC";
			sourceTree = "<group>";
		};
		F09DC28C1A21A66500DDCBD5 /* Supporting Files */ = {
			isa = PBXGroup;
			children = (
				799DED181CC4017700E6BADE /* calendar_icon1.png */,
				799DED2A1CC4020800E6BADE /* indian-fighter-planes-wallpaper.jpg */,
				799DED281CC4020000E6BADE /* globe-Vista-icon.png */,
				799DED1A1CC4018200E6BADE /* clipboard-97590_640.png */,
				799DED1B1CC4018200E6BADE /* contact-icon.png */,
				799DED1C1CC4018200E6BADE /* custom-reports.png */,
				799DED201CC4019B00E6BADE /* logo-air-force.png */,
				799DED211CC4019B00E6BADE /* logo-mu.png */,
				799DED261CC401DE00E6BADE /* title-afrotc.png */,
				799DED241CC401C500E6BADE /* roster.png */,
				799DED2E1CC4022D00E6BADE /* MAW_icon-vector-blue_02_people_312x214.png */,
				799DED2C1CC4021F00E6BADE /* logo-afrotc-det440.png */,
				F09DC28D1A21A66500DDCBD5 /* Info.plist */,
			);
			name = "Supporting Files";
			sourceTree = "<group>";
		};
		F09DC2A11A21A66500DDCBD5 /* Mizzou AFROTCTests */ = {
			isa = PBXGroup;
			children = (
				F09DC2A41A21A66500DDCBD5 /* Mizzou_AFROTCTests.swift */,
				F09DC2A21A21A66500DDCBD5 /* Supporting Files */,
			);
			path = "Mizzou AFROTCTests";
			sourceTree = "<group>";
		};
		F09DC2A21A21A66500DDCBD5 /* Supporting Files */ = {
			isa = PBXGroup;
			children = (
				F09DC2A31A21A66500DDCBD5 /* Info.plist */,
			);
			name = "Supporting Files";
			sourceTree = "<group>";
		};
/* End PBXGroup section */

/* Begin PBXNativeTarget section */
		F09DC2881A21A66500DDCBD5 /* Mizzou AFROTC */ = {
			isa = PBXNativeTarget;
			buildConfigurationList = F09DC2A81A21A66500DDCBD5 /* Build configuration list for PBXNativeTarget "Mizzou AFROTC" */;
			buildPhases = (
				F09DC2851A21A66500DDCBD5 /* Sources */,
				F09DC2861A21A66500DDCBD5 /* Frameworks */,
				F09DC2871A21A66500DDCBD5 /* Resources */,
			);
			buildRules = (
			);
			dependencies = (
			);
			name = "Mizzou AFROTC";
			productName = "Mizzou AFROTC";
			productReference = F09DC2891A21A66500DDCBD5 /* Mizzou AFROTC.app */;
			productType = "com.apple.product-type.application";
		};
		F09DC29D1A21A66500DDCBD5 /* Mizzou AFROTCTests */ = {
			isa = PBXNativeTarget;
			buildConfigurationList = F09DC2AB1A21A66500DDCBD5 /* Build configuration list for PBXNativeTarget "Mizzou AFROTCTests" */;
			buildPhases = (
				F09DC29A1A21A66500DDCBD5 /* Sources */,
				F09DC29B1A21A66500DDCBD5 /* Frameworks */,
				F09DC29C1A21A66500DDCBD5 /* Resources */,
			);
			buildRules = (
			);
			dependencies = (
				F09DC2A01A21A66500DDCBD5 /* PBXTargetDependency */,
			);
			name = "Mizzou AFROTCTests";
			productName = "Mizzou AFROTCTests";
			productReference = F09DC29E1A21A66500DDCBD5 /* Mizzou AFROTCTests.xctest */;
			productType = "com.apple.product-type.bundle.unit-test";
		};
/* End PBXNativeTarget section */

/* Begin PBXProject section */
		F09DC2811A21A66400DDCBD5 /* Project object */ = {
			isa = PBXProject;
			attributes = {
				LastSwiftMigration = 0730;
				LastSwiftUpdateCheck = 0730;
				LastUpgradeCheck = 0600;
				ORGANIZATIONNAME = "Corey Hughes";
				TargetAttributes = {
					F09DC2881A21A66500DDCBD5 = {
						CreatedOnToolsVersion = 6.0;
						DevelopmentTeam = 7486992C84;
					};
					F09DC29D1A21A66500DDCBD5 = {
						CreatedOnToolsVersion = 6.0;
						TestTargetID = F09DC2881A21A66500DDCBD5;
					};
				};
			};
			buildConfigurationList = F09DC2841A21A66400DDCBD5 /* Build configuration list for PBXProject "Mizzou AFROTC" */;
			compatibilityVersion = "Xcode 3.2";
			developmentRegion = English;
			hasScannedForEncodings = 0;
			knownRegions = (
				en,
				Base,
			);
			mainGroup = F09DC2801A21A66400DDCBD5;
			productRefGroup = F09DC28A1A21A66500DDCBD5 /* Products */;
			projectDirPath = "";
			projectRoot = "";
			targets = (
				F09DC2881A21A66500DDCBD5 /* Mizzou AFROTC */,
				F09DC29D1A21A66500DDCBD5 /* Mizzou AFROTCTests */,
			);
		};
/* End PBXProject section */

/* Begin PBXResourcesBuildPhase section */
		F09DC2871A21A66500DDCBD5 /* Resources */ = {
			isa = PBXResourcesBuildPhase;
			buildActionMask = 2147483647;
			files = (
				799DED1D1CC4018200E6BADE /* clipboard-97590_640.png in Resources */,
				799DED291CC4020000E6BADE /* globe-Vista-icon.png in Resources */,
				799DED251CC401C500E6BADE /* roster.png in Resources */,
				799DED271CC401DE00E6BADE /* title-afrotc.png in Resources */,
				799DED2B1CC4020800E6BADE /* indian-fighter-planes-wallpaper.jpg in Resources */,
				799DED1F1CC4018200E6BADE /* custom-reports.png in Resources */,
				799DED2D1CC4021F00E6BADE /* logo-afrotc-det440.png in Resources */,
				799DED311CC4023B00E6BADE /* ROSTER.csv in Resources */,
				F09DC2941A21A66500DDCBD5 /* Main.storyboard in Resources */,
				799DED2F1CC4022D00E6BADE /* MAW_icon-vector-blue_02_people_312x214.png in Resources */,
				799DED1E1CC4018200E6BADE /* contact-icon.png in Resources */,
				F09DC2991A21A66500DDCBD5 /* LaunchScreen.xib in Resources */,
				799DED231CC4019B00E6BADE /* logo-mu.png in Resources */,
				F09DC2961A21A66500DDCBD5 /* Images.xcassets in Resources */,
				799DED191CC4017700E6BADE /* calendar_icon1.png in Resources */,
				799DED221CC4019B00E6BADE /* logo-air-force.png in Resources */,
			);
			runOnlyForDeploymentPostprocessing = 0;
		};
		F09DC29C1A21A66500DDCBD5 /* Resources */ = {
			isa = PBXResourcesBuildPhase;
			buildActionMask = 2147483647;
			files = (
			);
			runOnlyForDeploymentPostprocessing = 0;
		};
/* End PBXResourcesBuildPhase section */

/* Begin PBXSourcesBuildPhase section */
		F09DC2851A21A66500DDCBD5 /* Sources */ = {
			isa = PBXSourcesBuildPhase;
			buildActionMask = 2147483647;
			files = (
				F09DC2911A21A66500DDCBD5 /* ViewController.swift in Sources */,
				F09DC2D31A24F69000DDCBD5 /* rosterViewController.swift in Sources */,
				F09DC2DD1A24F6FA00DDCBD5 /* passwordViewController.swift in Sources */,
				F09DC2D91A24F6DD00DDCBD5 /* newsViewController.swift in Sources */,
				F00E4D521A2555E100654B8B /* Event.swift in Sources */,
				F09DC2D11A24F68100DDCBD5 /* aboutUsViewController.swift in Sources */,
				F09DC2D71A24F6C300DDCBD5 /* ordersViewController.swift in Sources */,
				F09DC2DB1A24F6F100DDCBD5 /* contactViewController.swift in Sources */,
				F09DC2D51A24F6B600DDCBD5 /* eventsViewController.swift in Sources */,
				F09DC2CF1A23F69200DDCBD5 /* MenuTransitionManager.swift in Sources */,
				F09DC28F1A21A66500DDCBD5 /* AppDelegate.swift in Sources */,
				F09DC2CD1A23F40200DDCBD5 /* MenuViewController.swift in Sources */,
			);
			runOnlyForDeploymentPostprocessing = 0;
		};
		F09DC29A1A21A66500DDCBD5 /* Sources */ = {
			isa = PBXSourcesBuildPhase;
			buildActionMask = 2147483647;
			files = (
				F09DC2A51A21A66500DDCBD5 /* Mizzou_AFROTCTests.swift in Sources */,
			);
			runOnlyForDeploymentPostprocessing = 0;
		};
/* End PBXSourcesBuildPhase section */

/* Begin PBXTargetDependency section */
		F09DC2A01A21A66500DDCBD5 /* PBXTargetDependency */ = {
			isa = PBXTargetDependency;
			target = F09DC2881A21A66500DDCBD5 /* Mizzou AFROTC */;
			targetProxy = F09DC29F1A21A66500DDCBD5 /* PBXContainerItemProxy */;
		};
/* End PBXTargetDependency section */

/* Begin PBXVariantGroup section */
		F09DC2921A21A66500DDCBD5 /* Main.storyboard */ = {
			isa = PBXVariantGroup;
			children = (
				F09DC2931A21A66500DDCBD5 /* Base */,
			);
			name = Main.storyboard;
			sourceTree = "<group>";
		};
		F09DC2971A21A66500DDCBD5 /* LaunchScreen.xib */ = {
			isa = PBXVariantGroup;
			children = (
				F09DC2981A21A66500DDCBD5 /* Base */,
			);
			name = LaunchScreen.xib;
			sourceTree = "<group>";
		};
/* End PBXVariantGroup section */

/* Begin XCBuildConfiguration section */
		F09DC2A61A21A66500DDCBD5 /* Debug */ = {
			isa = XCBuildConfiguration;
			buildSettings = {
				ALWAYS_SEARCH_USER_PATHS = NO;
				CLANG_CXX_LANGUAGE_STANDARD = "gnu++0x";
				CLANG_CXX_LIBRARY = "libc++";
				CLANG_ENABLE_MODULES = YES;
				CLANG_ENABLE_OBJC_ARC = YES;
				CLANG_WARN_BOOL_CONVERSION = YES;
				CLANG_WARN_CONSTANT_CONVERSION = YES;
				CLANG_WARN_DIRECT_OBJC_ISA_USAGE = YES_ERROR;
				CLANG_WARN_EMPTY_BODY = YES;
				CLANG_WARN_ENUM_CONVERSION = YES;
				CLANG_WARN_INT_CONVERSION = YES;
				CLANG_WARN_OBJC_ROOT_CLASS = YES_ERROR;
				CLANG_WARN_UNREACHABLE_CODE = YES;
				CLANG_WARN__DUPLICATE_METHOD_MATCH = YES;
				"CODE_SIGN_IDENTITY[sdk=iphoneos*]" = "iPhone Developer";
				COPY_PHASE_STRIP = NO;
				ENABLE_STRICT_OBJC_MSGSEND = YES;
				GCC_C_LANGUAGE_STANDARD = gnu99;
				GCC_DYNAMIC_NO_PIC = NO;
				GCC_OPTIMIZATION_LEVEL = 0;
				GCC_PREPROCESSOR_DEFINITIONS = (
					"DEBUG=1",
					"$(inherited)",
				);
				GCC_SYMBOLS_PRIVATE_EXTERN = NO;
				GCC_WARN_64_TO_32_BIT_CONVERSION = YES;
				GCC_WARN_ABOUT_RETURN_TYPE = YES_ERROR;
				GCC_WARN_UNDECLARED_SELECTOR = YES;
				GCC_WARN_UNINITIALIZED_AUTOS = YES_AGGRESSIVE;
				GCC_WARN_UNUSED_FUNCTION = YES;
				GCC_WARN_UNUSED_VARIABLE = YES;
				IPHONEOS_DEPLOYMENT_TARGET = 8.0;
				MTL_ENABLE_DEBUG_INFO = YES;
				ONLY_ACTIVE_ARCH = YES;
				SDKROOT = iphoneos;
				SWIFT_OPTIMIZATION_LEVEL = "-Onone";
			};
			name = Debug;
		};
		F09DC2A71A21A66500DDCBD5 /* Release */ = {
			isa = XCBuildConfiguration;
			buildSettings = {
				ALWAYS_SEARCH_USER_PATHS = NO;
				CLANG_CXX_LANGUAGE_STANDARD = "gnu++0x";
				CLANG_CXX_LIBRARY = "libc++";
				CLANG_ENABLE_MODULES = YES;
				CLANG_ENABLE_OBJC_ARC = YES;
				CLANG_WARN_BOOL_CONVERSION = YES;
				CLANG_WARN_CONSTANT_CONVERSION = YES;
				CLANG_WARN_DIRECT_OBJC_ISA_USAGE = YES_ERROR;
				CLANG_WARN_EMPTY_BODY = YES;
				CLANG_WARN_ENUM_CONVERSION = YES;
				CLANG_WARN_INT_CONVERSION = YES;
				CLANG_WARN_OBJC_ROOT_CLASS = YES_ERROR;
				CLANG_WARN_UNREACHABLE_CODE = YES;
				CLANG_WARN__DUPLICATE_METHOD_MATCH = YES;
				"CODE_SIGN_IDENTITY[sdk=iphoneos*]" = "iPhone Developer";
				COPY_PHASE_STRIP = YES;
				ENABLE_NS_ASSERTIONS = NO;
				ENABLE_STRICT_OBJC_MSGSEND = YES;
				GCC_C_LANGUAGE_STANDARD = gnu99;
				GCC_WARN_64_TO_32_BIT_CONVERSION = YES;
				GCC_WARN_ABOUT_RETURN_TYPE = YES_ERROR;
				GCC_WARN_UNDECLARED_SELECTOR = YES;
				GCC_WARN_UNINITIALIZED_AUTOS = YES_AGGRESSIVE;
				GCC_WARN_UNUSED_FUNCTION = YES;
				GCC_WARN_UNUSED_VARIABLE = YES;
				IPHONEOS_DEPLOYMENT_TARGET = 8.0;
				MTL_ENABLE_DEBUG_INFO = NO;
				SDKROOT = iphoneos;
				VALIDATE_PRODUCT = YES;
			};
			name = Release;
		};
		F09DC2A91A21A66500DDCBD5 /* Debug */ = {
			isa = XCBuildConfiguration;
			buildSettings = {
				ASSETCATALOG_COMPILER_APPICON_NAME = AppIcon;
				CODE_SIGN_IDENTITY = "iPhone Developer";
				"CODE_SIGN_IDENTITY[sdk=iphoneos*]" = "iPhone Developer";
				INFOPLIST_FILE = "Mizzou AFROTC/Info.plist";
				LD_RUNPATH_SEARCH_PATHS = "$(inherited) @executable_path/Frameworks";
				PRODUCT_NAME = "$(TARGET_NAME)";
				PROVISIONING_PROFILE = "";
				TARGETED_DEVICE_FAMILY = 1;
			};
			name = Debug;
		};
		F09DC2AA1A21A66500DDCBD5 /* Release */ = {
			isa = XCBuildConfiguration;
			buildSettings = {
				ASSETCATALOG_COMPILER_APPICON_NAME = AppIcon;
				CODE_SIGN_IDENTITY = "iPhone Developer";
				"CODE_SIGN_IDENTITY[sdk=iphoneos*]" = "iPhone Developer";
				INFOPLIST_FILE = "Mizzou AFROTC/Info.plist";
				LD_RUNPATH_SEARCH_PATHS = "$(inherited) @executable_path/Frameworks";
				PRODUCT_NAME = "$(TARGET_NAME)";
				PROVISIONING_PROFILE = "63d57c00-ae6a-4ea1-98f3-d5f22564ac9e";
				TARGETED_DEVICE_FAMILY = 1;
			};
			name = Release;
		};
		F09DC2AC1A21A66500DDCBD5 /* Debug */ = {
			isa = XCBuildConfiguration;
			buildSettings = {
				BUNDLE_LOADER = "$(TEST_HOST)";
				FRAMEWORK_SEARCH_PATHS = (
					"$(SDKROOT)/Developer/Library/Frameworks",
					"$(inherited)",
				);
				GCC_PREPROCESSOR_DEFINITIONS = (
					"DEBUG=1",
					"$(inherited)",
				);
				INFOPLIST_FILE = "Mizzou AFROTCTests/Info.plist";
				LD_RUNPATH_SEARCH_PATHS = "$(inherited) @executable_path/Frameworks @loader_path/Frameworks";
				PRODUCT_NAME = "$(TARGET_NAME)";
				TEST_HOST = "$(BUILT_PRODUCTS_DIR)/Mizzou AFROTC.app/Mizzou AFROTC";
			};
			name = Debug;
		};
		F09DC2AD1A21A66500DDCBD5 /* Release */ = {
			isa = XCBuildConfiguration;
			buildSettings = {
				BUNDLE_LOADER = "$(TEST_HOST)";
				FRAMEWORK_SEARCH_PATHS = (
					"$(SDKROOT)/Developer/Library/Frameworks",
					"$(inherited)",
				);
				INFOPLIST_FILE = "Mizzou AFROTCTests/Info.plist";
				LD_RUNPATH_SEARCH_PATHS = "$(inherited) @executable_path/Frameworks @loader_path/Frameworks";
				PRODUCT_NAME = "$(TARGET_NAME)";
				TEST_HOST = "$(BUILT_PRODUCTS_DIR)/Mizzou AFROTC.app/Mizzou AFROTC";
			};
			name = Release;
		};
/* End XCBuildConfiguration section */

/* Begin XCConfigurationList section */
		F09DC2841A21A66400DDCBD5 /* Build configuration list for PBXProject "Mizzou AFROTC" */ = {
			isa = XCConfigurationList;
			buildConfigurations = (
				F09DC2A61A21A66500DDCBD5 /* Debug */,
				F09DC2A71A21A66500DDCBD5 /* Release */,
			);
			defaultConfigurationIsVisible = 0;
			defaultConfigurationName = Release;
		};
		F09DC2A81A21A66500DDCBD5 /* Build configuration list for PBXNativeTarget "Mizzou AFROTC" */ = {
			isa = XCConfigurationList;
			buildConfigurations = (
				F09DC2A91A21A66500DDCBD5 /* Debug */,
				F09DC2AA1A21A66500DDCBD5 /* Release */,
			);
			defaultConfigurationIsVisible = 0;
			defaultConfigurationName = Release;
		};
		F09DC2AB1A21A66500DDCBD5 /* Build configuration list for PBXNativeTarget "Mizzou AFROTCTests" */ = {
			isa = XCConfigurationList;
			buildConfigurations = (
				F09DC2AC1A21A66500DDCBD5 /* Debug */,
				F09DC2AD1A21A66500DDCBD5 /* Release */,
			);
			defaultConfigurationIsVisible = 0;
			defaultConfigurationName = Release;
		};
/* End XCConfigurationList section */
	};
	rootObject = F09DC2811A21A66400DDCBD5 /* Project object */;
}
